
Microsoft Visual Studio Solution File, Format Version 12.00
# Visual Studio 15
VisualStudioVersion = 15.0.26730.16
MinimumVisualStudioVersion = 10.0.40219.1
Project("{FAE04EC0-301F-11D3-BF4B-00C04F79EFBC}") = "MyTop10Songs", "MyTop10Songs\MyTop10Songs.csproj", "{09E2C54A-2116-403A-B103-A188D8DDD6BA}"
EndProject
Global
	GlobalSection(SolutionConfigurationPlatforms) = preSolution
		Debug|Any CPU = Debug|Any CPU
		Release|Any CPU = Release|Any CPU
	EndGlobalSection
	GlobalSection(ProjectConfigurationPlatforms) = postSolution
		{09E2C54A-2116-403A-B103-A188D8DDD6BA}.Debug|Any CPU.ActiveCfg = Debug|Any CPU
		{09E2C54A-2116-403A-B103-A188D8DDD6BA}.Debug|Any CPU.Build.0 = Debug|Any CPU
		{09E2C54A-2116-403A-B103-A188D8DDD6BA}.Release|Any CPU.ActiveCfg = Release|Any CPU
		{09E2C54A-2116-403A-B103-A188D8DDD6BA}.Release|Any CPU.Build.0 = Release|Any CPU
	EndGlobalSection
	GlobalSection(SolutionProperties) = preSolution
		HideSolutionNode = FALSE
	EndGlobalSection
	GlobalSection(ExtensibilityGlobals) = postSolution
		SolutionGuid = {DE80DA8F-FE56-48B6-9C4C-AAA43AFD1D6E}
	EndGlobalSection
EndGlobal
